{
  "name": "youtube-music-auto",
  "lockfileVersion": 3,
  "requires": true,
  "packages": {
    "": {
      "dependencies": {
        "solmate-skills": "^2.0.14"
      }
    },
    "node_modules/solmate-skills": {
      "version": "2.0.14",
      "resolved": "https://registry.npmjs.org/solmate-skills/-/solmate-skills-2.0.14.tgz",
      "integrity": "sha512-Gpp5uq9vmPPj0FDOHk0ROxHajcBZCE1LSDVTi2J1wtoJRWfnu+mcmv5iIB0ptaBL1TV9e/krG9uWdVr9gHR+xQ==",
      "license": "ISC",
      "bin": {
        "solmate-skills": "bin/cli.js"
      },
      "engines": {
        "node": ">=14.0.0"
      }
    }
  }
}
